
Microsoft Visual Studio Solution File, Format Version 12.00
# Visual Studio Version 16
VisualStudioVersion = 16.0.31729.503
MinimumVisualStudioVersion = 10.0.40219.1
Project("{FAE04EC0-301F-11D3-BF4B-00C04F79EFBC}") = "EmpDepApi", "EmpDepApi\EmpDepApi.csproj", "{D88B37E8-97F5-4DCF-A886-91C8383AAE75}"
EndProject
Global
	GlobalSection(SolutionConfigurationPlatforms) = preSolution
		Debug|Any CPU = Debug|Any CPU
		Release|Any CPU = Release|Any CPU
	EndGlobalSection
	GlobalSection(ProjectConfigurationPlatforms) = postSolution
		{D88B37E8-97F5-4DCF-A886-91C8383AAE75}.Debug|Any CPU.ActiveCfg = Debug|Any CPU
		{D88B37E8-97F5-4DCF-A886-91C8383AAE75}.Debug|Any CPU.Build.0 = Debug|Any CPU
		{D88B37E8-97F5-4DCF-A886-91C8383AAE75}.Release|Any CPU.ActiveCfg = Release|Any CPU
		{D88B37E8-97F5-4DCF-A886-91C8383AAE75}.Release|Any CPU.Build.0 = Release|Any CPU
	EndGlobalSection
	GlobalSection(SolutionProperties) = preSolution
		HideSolutionNode = FALSE
	EndGlobalSection
	GlobalSection(ExtensibilityGlobals) = postSolution
		SolutionGuid = {1A1B2AA1-B6DA-4B33-BD93-18327DB13596}
	EndGlobalSection
EndGlobal
